
Microsoft Visual Studio Solution File, Format Version 10.00
# Visual Studio 2008
Project("{FAE04EC0-301F-11D3-BF4B-00C04F79EFBC}") = "PowerActivity", "PowerActivity\PowerActivity.csproj", "{01684B06-A897-4C73-9B56-FBB13A6101FA}"
EndProject
Global
	GlobalSection(TeamFoundationVersionControl) = preSolution
		SccNumberOfProjects = 2
		SccEnterpriseProvider = {4CA58AB2-18FA-4F8D-95D4-32DDF27D184C}
		SccTeamFoundationServer = https://tfs02.codeplex.com/
		SccLocalPath0 = .
		SccProjectUniqueName1 = PowerActivity\\PowerActivity.csproj
		SccProjectName1 = PowerActivity
		SccLocalPath1 = PowerActivity
	EndGlobalSection
	GlobalSection(SolutionConfigurationPlatforms) = preSolution
		Debug|Any CPU = Debug|Any CPU
		Release|Any CPU = Release|Any CPU
	EndGlobalSection
	GlobalSection(ProjectConfigurationPlatforms) = postSolution
		{01684B06-A897-4C73-9B56-FBB13A6101FA}.Debug|Any CPU.ActiveCfg = Debug|Any CPU
		{01684B06-A897-4C73-9B56-FBB13A6101FA}.Debug|Any CPU.Build.0 = Debug|Any CPU
		{01684B06-A897-4C73-9B56-FBB13A6101FA}.Release|Any CPU.ActiveCfg = Release|Any CPU
		{01684B06-A897-4C73-9B56-FBB13A6101FA}.Release|Any CPU.Build.0 = Release|Any CPU
	EndGlobalSection
	GlobalSection(SolutionProperties) = preSolution
		HideSolutionNode = FALSE
	EndGlobalSection
EndGlobal
