
Microsoft Visual Studio Solution File, Format Version 10.00
# Visual Studio 2008
Project("{FAE04EC0-301F-11D3-BF4B-00C04F79EFBC}") = "ILoveSharePoint.UserInfoService", "ILoveSharePoint.UserInfoService\ILoveSharePoint.UserInfoService.csproj", "{D01FD8CA-D23C-4CD5-B6BE-6E7E41955439}"
EndProject
Global
	GlobalSection(TeamFoundationVersionControl) = preSolution
		SccNumberOfProjects = 2
		SccEnterpriseProvider = {4CA58AB2-18FA-4F8D-95D4-32DDF27D184C}
		SccTeamFoundationServer = https://tfs02.codeplex.com/
		SccLocalPath0 = .
		SccProjectUniqueName1 = ILoveSharePoint.UserInfoService\\ILoveSharePoint.UserInfoService.csproj
		SccProjectName1 = ILoveSharePoint.UserInfoService
		SccLocalPath1 = ILoveSharePoint.UserInfoService
	EndGlobalSection
	GlobalSection(SolutionConfigurationPlatforms) = preSolution
		Debug|Any CPU = Debug|Any CPU
		Release|Any CPU = Release|Any CPU
	EndGlobalSection
	GlobalSection(ProjectConfigurationPlatforms) = postSolution
		{D01FD8CA-D23C-4CD5-B6BE-6E7E41955439}.Debug|Any CPU.ActiveCfg = Debug|Any CPU
		{D01FD8CA-D23C-4CD5-B6BE-6E7E41955439}.Debug|Any CPU.Build.0 = Debug|Any CPU
		{D01FD8CA-D23C-4CD5-B6BE-6E7E41955439}.Release|Any CPU.ActiveCfg = Release|Any CPU
		{D01FD8CA-D23C-4CD5-B6BE-6E7E41955439}.Release|Any CPU.Build.0 = Release|Any CPU
	EndGlobalSection
	GlobalSection(SolutionProperties) = preSolution
		HideSolutionNode = FALSE
	EndGlobalSection
EndGlobal
