
Microsoft Visual Studio Solution File, Format Version 11.00
# Visual Studio 2010
Project("{FAE04EC0-301F-11D3-BF4B-00C04F79EFBC}") = "ILoveSharePoint.Sandbox.WorkflowActions", "ILoveSharePoint.Sandbox.WorkflowActions\ILoveSharePoint.Sandbox.WorkflowActions.csproj", "{FDD01EB9-CEB6-4433-9C95-CB448C0E7FDD}"
EndProject
Global
	GlobalSection(SolutionConfigurationPlatforms) = preSolution
		Debug|Any CPU = Debug|Any CPU
		Release|Any CPU = Release|Any CPU
	EndGlobalSection
	GlobalSection(ProjectConfigurationPlatforms) = postSolution
		{FDD01EB9-CEB6-4433-9C95-CB448C0E7FDD}.Debug|Any CPU.ActiveCfg = Debug|Any CPU
		{FDD01EB9-CEB6-4433-9C95-CB448C0E7FDD}.Debug|Any CPU.Build.0 = Debug|Any CPU
		{FDD01EB9-CEB6-4433-9C95-CB448C0E7FDD}.Debug|Any CPU.Deploy.0 = Debug|Any CPU
		{FDD01EB9-CEB6-4433-9C95-CB448C0E7FDD}.Release|Any CPU.ActiveCfg = Release|Any CPU
		{FDD01EB9-CEB6-4433-9C95-CB448C0E7FDD}.Release|Any CPU.Build.0 = Release|Any CPU
		{FDD01EB9-CEB6-4433-9C95-CB448C0E7FDD}.Release|Any CPU.Deploy.0 = Release|Any CPU
	EndGlobalSection
	GlobalSection(SolutionProperties) = preSolution
		HideSolutionNode = FALSE
	EndGlobalSection
EndGlobal
