
Microsoft Visual Studio Solution File, Format Version 10.00
# Visual Studio 2008
Project("{FAE04EC0-301F-11D3-BF4B-00C04F79EFBC}") = "iLoveSharePoint.Fields.LookupFieldWithPicker", "iLoveSharePoint.Fields.LookupFieldWithPicker\iLoveSharePoint.Fields.LookupFieldWithPicker.csproj", "{91E5E410-50FC-4356-9D38-CFB48E446B56}"
EndProject
Global
	GlobalSection(TeamFoundationVersionControl) = preSolution
		SccNumberOfProjects = 2
		SccEnterpriseProvider = {4CA58AB2-18FA-4F8D-95D4-32DDF27D184C}
		SccTeamFoundationServer = https://tfs02.codeplex.com/
		SccProjectUniqueName0 = iLoveSharePoint.Fields.LookupFieldWithPicker\\ILoveSharePoint.Fields.LookupFieldWithPicker.csproj
		SccProjectName0 = iLoveSharePoint.Fields.LookupFieldWithPicker
		SccLocalPath0 = iLoveSharePoint.Fields.LookupFieldWithPicker
		SccLocalPath1 = .
	EndGlobalSection
	GlobalSection(SolutionConfigurationPlatforms) = preSolution
		Debug|Any CPU = Debug|Any CPU
		Release|Any CPU = Release|Any CPU
	EndGlobalSection
	GlobalSection(ProjectConfigurationPlatforms) = postSolution
		{91E5E410-50FC-4356-9D38-CFB48E446B56}.Debug|Any CPU.ActiveCfg = Debug|Any CPU
		{91E5E410-50FC-4356-9D38-CFB48E446B56}.Debug|Any CPU.Build.0 = Debug|Any CPU
		{91E5E410-50FC-4356-9D38-CFB48E446B56}.Release|Any CPU.ActiveCfg = Release|Any CPU
		{91E5E410-50FC-4356-9D38-CFB48E446B56}.Release|Any CPU.Build.0 = Release|Any CPU
	EndGlobalSection
	GlobalSection(SolutionProperties) = preSolution
		HideSolutionNode = FALSE
	EndGlobalSection
EndGlobal
